{
  "name": "@kxfm/dot2svg",
  "version": "1.2.0",
  "lockfileVersion": 3,
  "requires": true,
  "packages": {
    "": {
      "name": "@kxfm/dot2svg",
      "version": "1.2.0",
      "license": "AGPL-3.0-or-later",
      "dependencies": {
        "@kxfm/dot": "^1.0.0",
        "@kxfm/svg": "^1.2.0"
      }
    },
    "../kxfm-dot": {
      "name": "@kxfm/dot",
      "version": "1.0.0",
      "extraneous": true,
      "license": "AGPL-3.0-or-later"
    },
    "../kxfm-svg": {
      "name": "@kxfm/svg",
      "version": "1.2.0",
      "extraneous": true,
      "license": "AGPL-3.0-or-later"
    },
    "node_modules/@kxfm/dot": {
      "version": "1.0.0",
      "resolved": "https://registry.npmjs.org/@kxfm/dot/-/dot-1.0.0.tgz",
      "integrity": "sha512-ZML68gShwkAJwzgVABbjPl0n/A3iHKyV/FNilPGM7gu7O6a15RwCYjEDmRRcUYG3ol1Yk8kXVKtvRerSVterRQ=="
    },
    "node_modules/@kxfm/svg": {
      "version": "1.2.0",
      "resolved": "https://registry.npmjs.org/@kxfm/svg/-/svg-1.2.0.tgz",
      "integrity": "sha512-iW8qFk9DfgN3hKAbNb9ChAPK/jfIyPVBz+oVwGQklDHAy3RB1KCUFNbBFnP8YH2abtax9fjswFFB/B3jqqtxsg=="
    }
  }
}
