{
  "name": "@kxfm/jira2dot",
  "version": "1.0.0",
  "lockfileVersion": 3,
  "requires": true,
  "packages": {
    "": {
      "name": "@kxfm/jira2dot",
      "version": "1.0.0",
      "license": "AGPL-3.0-or-later"
    },
    "../kxfm-dot": {
      "name": "@kxfm/dot",
      "version": "1.0.0",
      "extraneous": true,
      "license": "AGPL-3.0-or-later"
    },
    "../kxfm-svg": {
      "name": "@kxfm/svg",
      "version": "1.2.0",
      "extraneous": true,
      "license": "AGPL-3.0-or-later"
    }
  }
}
